DEPENDENCIES
  percona
  phantomjs

GRAPH
  apt (2.6.1)
  build-essential (2.1.2)
  chef-sugar (2.5.0)
  chef_handler (1.1.6)
  chocolatey (0.2.0)
    windows (~> 1.31)
  openssl (2.0.2)
    chef-sugar (>= 0.0.0)
  percona (0.15.5)
    apt (>= 1.9)
    openssl (>= 0.0.0)
    yum (~> 3.0)
  phantomjs (1.0.3)
    build-essential (>= 0.0.0)
    chocolatey (>= 0.0.0)
  windows (1.34.6)
    chef_handler (>= 0.0.0)
  yum (3.5.2)
